
Microsoft Visual Studio Solution File, Format Version 12.00
# Visual Studio Version 17
VisualStudioVersion = 17.1.32328.378
MinimumVisualStudioVersion = 10.0.40219.1
Project("{FAE04EC0-301F-11D3-BF4B-00C04F79EFBC}") = "MoviesAPI", "MoviesAPI\MoviesAPI.csproj", "{337B42B0-FCF5-4526-9DC8-102124C63F69}"
EndProject
Global
	GlobalSection(SolutionConfigurationPlatforms) = preSolution
		Debug|Any CPU = Debug|Any CPU
		Release|Any CPU = Release|Any CPU
	EndGlobalSection
	GlobalSection(ProjectConfigurationPlatforms) = postSolution
		{337B42B0-FCF5-4526-9DC8-102124C63F69}.Debug|Any CPU.ActiveCfg = Debug|Any CPU
		{337B42B0-FCF5-4526-9DC8-102124C63F69}.Debug|Any CPU.Build.0 = Debug|Any CPU
		{337B42B0-FCF5-4526-9DC8-102124C63F69}.Release|Any CPU.ActiveCfg = Release|Any CPU
		{337B42B0-FCF5-4526-9DC8-102124C63F69}.Release|Any CPU.Build.0 = Release|Any CPU
	EndGlobalSection
	GlobalSection(SolutionProperties) = preSolution
		HideSolutionNode = FALSE
	EndGlobalSection
	GlobalSection(ExtensibilityGlobals) = postSolution
		SolutionGuid = {DB34DC2E-78D5-4019-B412-946BCE423F60}
	EndGlobalSection
EndGlobal
